{
  "version": 1,
  "dependencies": {
    "net9.0-windows7.0": {
      "AutoMapper": {
        "type": "Direct",
        "requested": "[14.0.0, )",
        "resolved": "14.0.0",
        "contentHash": "OC+1neAPM4oCCqQj3g2GJ2shziNNhOkxmNB9cVS8jtx4JbgmRzLcUOxB9Tsz6cVPHugdkHgCaCrTjjSI0Z5sCQ==",
        "dependencies": {
          "Microsoft.Extensions.Options": "8.0.0"
        }
      },
      "DalamudPackager": {
        "type": "Direct",
        "requested": "[12.0.0, )",
        "resolved": "12.0.0",
        "contentHash": "J5TJLV3f16T/E2H2P17ClWjtfEBPpq3yxvqW46eN36JCm6wR+EaoaYkqG9Rm5sHqs3/nK/vKjWWyvEs/jhKoXw=="
      },
      "Dapper": {
        "type": "Direct",
        "requested": "[2.1.66, )",
        "resolved": "2.1.66",
        "contentHash": "/q77jUgDOS+bzkmk3Vy9SiWMaetTw+NOoPAV0xPBsGVAyljd5S6P+4RUW7R3ZUGGr9lDRyPKgAMj2UAOwvqZYw=="
      },
      "Dapper.Contrib": {
        "type": "Direct",
        "requested": "[2.0.78, )",
        "resolved": "2.0.78",
        "contentHash": "sUfDVIf8LlHNiz3MfUFodeyRiemfN1JFkPxYjCxFWlwNPg1iQ49mB+0E89TkywWs4X8fiRWOVDQgtH5FtzK5Kw==",
        "dependencies": {
          "Dapper": "2.0.78"
        }
      },
      "DotNet.ReproducibleBuilds": {
        "type": "Direct",
        "requested": "[1.2.25, )",
        "resolved": "1.2.25",
        "contentHash": "xCXiw7BCxHJ8pF6wPepRUddlh2dlQlbr81gXA72hdk4FLHkKXas7EH/n+fk5UCA/YfMqG1Z6XaPiUjDbUNBUzg=="
      },
      "FlexConfig": {
        "type": "Direct",
        "requested": "[1.0.7, )",
        "resolved": "1.0.7",
        "contentHash": "qCJYiQjfiVEJ/PLepG07uijYDtS4KzueXTcd2HOzwJy+iQB63pDa/wf8/ByhV5LGn5N42KOaNvg9qSveyIHunA=="
      },
      "FluentDapperLite": {
        "type": "Direct",
        "requested": "[0.0.8, )",
        "resolved": "0.0.8",
        "contentHash": "bgxvcjuVnSwb5928TpXl3kUGtH99jmkvALs7a2vfY+jHU/xEswAXV/G1n8nS7Xrb1DOjmHyOesmRndwTsDcVJw==",
        "dependencies": {
          "AutoMapper": "13.0.1",
          "Dapper": "2.1.35",
          "FluentMigrator": "6.2.0",
          "FluentMigrator.Abstractions": "6.2.0",
          "FluentMigrator.Runner": "6.2.0",
          "System.Data.SQLite.Core": "1.0.119"
        }
      },
      "FluentMigrator": {
        "type": "Direct",
        "requested": "[7.0.0, )",
        "resolved": "7.0.0",
        "contentHash": "/V3frYsP3iDao7kfEykM4xwkxXRz6rWEmH90XInwfVEIF/qjo4MOKlNpCKe77tdtgTWVJFXH0sqZc0HYX078ew==",
        "dependencies": {
          "FluentMigrator.Abstractions": "7.0.0",
          "Microsoft.Extensions.DependencyInjection": "9.0.3",
          "Microsoft.Extensions.Options": "9.0.2"
        }
      },
      "FluentMigrator.Abstractions": {
        "type": "Direct",
        "requested": "[7.0.0, )",
        "resolved": "7.0.0",
        "contentHash": "4S5LNbkgAXoC5jyFDgjOZUnOya1/Wf1ezjAnpyoFzZnMDHE7dLgPdXOvVQZJFntvKIDo3V5xjWEZQ0qTaojHCg==",
        "dependencies": {
          "System.ComponentModel.Annotations": "5.0.0",
          "System.ValueTuple": "4.5.0"
        }
      },
      "FluentMigrator.Runner": {
        "type": "Direct",
        "requested": "[7.0.0, )",
        "resolved": "7.0.0",
        "contentHash": "a3qz6ecfw0QglJI6+X8RvF38sewYeIuQcWePAxFTBAKvp6SsQbJBt350Rl9wk3Mwq54MhFGpx5jWATWJIgfxGg==",
        "dependencies": {
          "FluentMigrator.Runner.Core": "7.0.0",
          "FluentMigrator.Runner.Db2": "7.0.0",
          "FluentMigrator.Runner.Firebird": "7.0.0",
          "FluentMigrator.Runner.Hana": "7.0.0",
          "FluentMigrator.Runner.MySql": "7.0.0",
          "FluentMigrator.Runner.Oracle": "7.0.0",
          "FluentMigrator.Runner.Postgres": "7.0.0",
          "FluentMigrator.Runner.Redshift": "7.0.0",
          "FluentMigrator.Runner.SQLite": "7.0.0",
          "FluentMigrator.Runner.Snowflake": "7.0.0",
          "FluentMigrator.Runner.SqlServer": "7.0.0",
          "Microsoft.Extensions.Configuration.Abstractions": "9.0.2"
        }
      },
      "NetStone": {
        "type": "Direct",
        "requested": "[1.4.1, )",
        "resolved": "1.4.1",
        "contentHash": "uJawEi8Bf66tOQwZ1UHIEuqY7QD3by79iZAy10YOz0p24+wDB9vEl/3QCEXw5pxBIVGGa2GnQ7m5gT8OmXjMOQ==",
        "dependencies": {
          "HtmlAgilityPack": "1.11.46",
          "Karashiiro.HtmlAgilityPack.CssSelectors.NetCoreFork": "0.0.2",
          "Newtonsoft.Json": "13.0.3"
        }
      },
      "System.Data.SQLite.Core": {
        "type": "Direct",
        "requested": "[1.0.119, )",
        "resolved": "1.0.119",
        "contentHash": "bhQB8HVtRA+OOYw8UTD1F1kU+nGJ0/OZvH1JmlVUI4bGvgVEWeX1NcHjA765NvUoRVuCPlt8PrEpZ1thSsk1jg==",
        "dependencies": {
          "Stub.System.Data.SQLite.Core.NetStandard": "[1.0.119]"
        }
      },
      "Azure.Core": {
        "type": "Transitive",
        "resolved": "1.38.0",
        "contentHash": "IuEgCoVA0ef7E4pQtpC3+TkPbzaoQfa77HlfJDmfuaJUCVJmn7fT0izamZiryW5sYUFKizsftIxMkXKbgIcPMQ==",
        "dependencies": {
          "Microsoft.Bcl.AsyncInterfaces": "1.1.1",
          "System.ClientModel": "1.0.0",
          "System.Diagnostics.DiagnosticSource": "6.0.1",
          "System.Memory.Data": "1.0.2",
          "System.Numerics.Vectors": "4.5.0",
          "System.Text.Encodings.Web": "4.7.2",
          "System.Text.Json": "4.7.2",
          "System.Threading.Tasks.Extensions": "4.5.4"
        }
      },
      "Azure.Identity": {
        "type": "Transitive",
        "resolved": "1.11.4",
        "contentHash": "Sf4BoE6Q3jTgFkgBkx7qztYOFELBCo+wQgpYDwal/qJ1unBH73ywPztIJKXBXORRzAeNijsuxhk94h0TIMvfYg==",
        "dependencies": {
          "Azure.Core": "1.38.0",
          "Microsoft.Identity.Client": "4.61.3",
          "Microsoft.Identity.Client.Extensions.Msal": "4.61.3",
          "System.Memory": "4.5.4",
          "System.Security.Cryptography.ProtectedData": "4.7.0",
          "System.Text.Json": "4.7.2",
          "System.Threading.Tasks.Extensions": "4.5.4"
        }
      },
      "FirebirdSql.Data.FirebirdClient": {
        "type": "Transitive",
        "resolved": "10.3.2",
        "contentHash": "mo74lexrjTPAQ4XGrVWTdXy1wEnLKl/KcUeHO8HqEcULrqo5HfZmhgbClqIPogeQ6TY6Jh1EClfHa9ALn5IxfQ=="
      },
      "FluentMigrator.Extensions.MySql": {
        "type": "Transitive",
        "resolved": "7.0.0",
        "contentHash": "UbV//ACaVSJ4dA8oiAeh/0coQem5ZUNqVrtrhvD44NDMHTgTCNFuFaULxDo0IBvWpbO7xst5zbL4azz1A3RgMg==",
        "dependencies": {
          "FluentMigrator.Abstractions": "7.0.0"
        }
      },
      "FluentMigrator.Extensions.Oracle": {
        "type": "Transitive",
        "resolved": "7.0.0",
        "contentHash": "AVyDjYsGv0PRjQdchgAZPEMRiL6isk+oE9wzZeU4QSUIZ1LruG9C5DBmu9fA7SmajvcWajp+W2AxKVNYoGYpTQ==",
        "dependencies": {
          "FluentMigrator.Abstractions": "7.0.0"
        }
      },
      "FluentMigrator.Extensions.Postgres": {
        "type": "Transitive",
        "resolved": "7.0.0",
        "contentHash": "PbRlNU8ik9pljf+hsjCehCSUEeDyebT7jqxtYLVB4Mf9DM6qjte2mkU800BT6ufryZ9WdH6Avu0MiDDANwLa8A==",
        "dependencies": {
          "FluentMigrator.Abstractions": "7.0.0"
        }
      },
      "FluentMigrator.Extensions.Snowflake": {
        "type": "Transitive",
        "resolved": "7.0.0",
        "contentHash": "YzMRq2P0XGqcVnb8sfe6X9P0WzMeD0Ksqdpg1opJsOVhghKs5nVLxMHVT1wSpoa1D3vucWHp5H9u/aycMoPRJA==",
        "dependencies": {
          "FluentMigrator.Abstractions": "7.0.0"
        }
      },
      "FluentMigrator.Extensions.SqlServer": {
        "type": "Transitive",
        "resolved": "7.0.0",
        "contentHash": "+gkG1ef6bbPKmd63Fxmz2NprQym7ZoAyziqbp5TqRdg1uPS6m8i74Aya53tAdx6/cvvtsqiYnSkK2/GnRrblYw==",
        "dependencies": {
          "FluentMigrator.Abstractions": "7.0.0"
        }
      },
      "FluentMigrator.Runner.Core": {
        "type": "Transitive",
        "resolved": "7.0.0",
        "contentHash": "JyBSU9f3UPq0L5rt856KrYBp5In3YFezcUZvRvi/4aaTuXofENiyHlfS2Tlm0FrKx2LK36oSbK26Go3bQP8qAw==",
        "dependencies": {
          "FluentMigrator": "7.0.0",
          "FluentMigrator.Abstractions": "7.0.0",
          "Microsoft.Extensions.Configuration.Abstractions": "9.0.2",
          "Microsoft.Extensions.DependencyInjection": "9.0.3",
          "Microsoft.Extensions.Logging": "9.0.2",
          "Microsoft.Extensions.Options": "9.0.2"
        }
      },
      "FluentMigrator.Runner.Db2": {
        "type": "Transitive",
        "resolved": "7.0.0",
        "contentHash": "BBzZTTwvhTPaPb79bImeO+In/Iz/Z+f1hS6xTa8nW2cSp2AqtFlNXuY0TKp+aitNMPN39bofT4gsxWUN/VYJTA==",
        "dependencies": {
          "FluentMigrator": "7.0.0",
          "FluentMigrator.Runner.Core": "7.0.0"
        }
      },
      "FluentMigrator.Runner.Firebird": {
        "type": "Transitive",
        "resolved": "7.0.0",
        "contentHash": "4k9qneivOC2ReMm6m7WsIBL8HQg25EDBd7Qgufolnftp4n1wSyILQcyccexBXku8xca+yu/M+wEq7aIoCHAcug==",
        "dependencies": {
          "FirebirdSql.Data.FirebirdClient": "10.3.2",
          "FluentMigrator": "7.0.0",
          "FluentMigrator.Runner.Core": "7.0.0",
          "Microsoft.Extensions.Options": "9.0.2"
        }
      },
      "FluentMigrator.Runner.Hana": {
        "type": "Transitive",
        "resolved": "7.0.0",
        "contentHash": "58gVZ3mznrEQpU10PSvEaRnV33xW7JbxRo1MVj+sVSpq0CAPTkRHUIZEuEIUBWj/38lQzDBe+ve74n0fvSUswA==",
        "dependencies": {
          "FluentMigrator": "7.0.0",
          "FluentMigrator.Runner.Core": "7.0.0"
        }
      },
      "FluentMigrator.Runner.MySql": {
        "type": "Transitive",
        "resolved": "7.0.0",
        "contentHash": "VgD9nQEvC7rWuIel6ufkPxUwSgVcvrre8SLOqmW9YPvVvJCDyHLdc/wfSEvnzPNcoO1ateIG89mSE4C/Nf8OLA==",
        "dependencies": {
          "FluentMigrator": "7.0.0",
          "FluentMigrator.Extensions.MySql": "7.0.0",
          "FluentMigrator.Runner.Core": "7.0.0"
        }
      },
      "FluentMigrator.Runner.Oracle": {
        "type": "Transitive",
        "resolved": "7.0.0",
        "contentHash": "vrV0FUXjpvt+T/z+c3RyuaXIbcoLPC1O1nxZDCtgPKbIUkRv2WaYUSaJgoNQlzdtmcoYxMnZijljS60T2ySbYg==",
        "dependencies": {
          "FluentMigrator": "7.0.0",
          "FluentMigrator.Extensions.Oracle": "7.0.0",
          "FluentMigrator.Runner.Core": "7.0.0"
        }
      },
      "FluentMigrator.Runner.Postgres": {
        "type": "Transitive",
        "resolved": "7.0.0",
        "contentHash": "Y9B5lhpB8jzZDi5si0byHujNXA3zRJQwJvhOhmGaryWLFU0qgWkGUjtCa5631j/z5InoUe8acvqhnFemL9sWdA==",
        "dependencies": {
          "FluentMigrator": "7.0.0",
          "FluentMigrator.Extensions.Postgres": "7.0.0",
          "FluentMigrator.Runner.Core": "7.0.0"
        }
      },
      "FluentMigrator.Runner.Redshift": {
        "type": "Transitive",
        "resolved": "7.0.0",
        "contentHash": "n5NP2A6hO6mt90TGKYf299cpQHJsYdnCmkIljzk612QktHZF0hfMnOgmM2zI7BcTpj7KJd3XFLnIEozFu2Jrig==",
        "dependencies": {
          "FluentMigrator": "7.0.0",
          "FluentMigrator.Runner.Core": "7.0.0"
        }
      },
      "FluentMigrator.Runner.Snowflake": {
        "type": "Transitive",
        "resolved": "7.0.0",
        "contentHash": "IL+NIkOY3xdhu+C2GXLMa1xnDxYRgZWT9JrcY4HQMadtVH7XazFpYyXbx6lBxByTevPs99/gcSaxvc2ouGyujg==",
        "dependencies": {
          "FluentMigrator.Extensions.Snowflake": "7.0.0",
          "FluentMigrator.Runner.Core": "7.0.0"
        }
      },
      "FluentMigrator.Runner.SQLite": {
        "type": "Transitive",
        "resolved": "7.0.0",
        "contentHash": "4t/qkrq8JoCNEi5gg3uf+gkVFRodbm9KNju+pFD95QjmBzbq34zZj5IBB7N3QDnjHux/ZyPgfYTndKx73VSWXQ==",
        "dependencies": {
          "FluentMigrator": "7.0.0",
          "FluentMigrator.Runner.Core": "7.0.0"
        }
      },
      "FluentMigrator.Runner.SqlServer": {
        "type": "Transitive",
        "resolved": "7.0.0",
        "contentHash": "2hUQVRTrZBbUxAYf5J7bvSpJNZHPSO6zC5RgtGGl8exEbXpTFyr24f9zWx76d373Z6qgsN1OPjhKtUjOcCyTQA==",
        "dependencies": {
          "FluentMigrator": "7.0.0",
          "FluentMigrator.Extensions.SqlServer": "7.0.0",
          "FluentMigrator.Runner.Core": "7.0.0",
          "Microsoft.Data.SqlClient": "6.0.1"
        }
      },
      "HtmlAgilityPack": {
        "type": "Transitive",
        "resolved": "1.11.46",
        "contentHash": "dLMn4EVfJBHWmWK4Uh0XGD76FPLHI0qr2Tm0s1m/xmgiHb1JUb9zB8AzO8HtrkBBlMN6JfCUBYddhqC0hZNR+g=="
      },
      "Karashiiro.HtmlAgilityPack.CssSelectors.NetCoreFork": {
        "type": "Transitive",
        "resolved": "0.0.2",
        "contentHash": "+7cqe/+tN7gDW36pgrefSeyAQvhqznM34D0uTwnETgU25iAC6boPtblxbrMluW5rA9o6MzjEg4qZK7WrnT+tSw==",
        "dependencies": {
          "HtmlAgilityPack": "1.11.46"
        }
      },
      "Microsoft.Bcl.AsyncInterfaces": {
        "type": "Transitive",
        "resolved": "1.1.1",
        "contentHash": "yuvf07qFWFqtK3P/MRkEKLhn5r2UbSpVueRziSqj0yJQIKFwG1pq9mOayK3zE5qZCTs0CbrwL9M6R8VwqyGy2w=="
      },
      "Microsoft.Bcl.Cryptography": {
        "type": "Transitive",
        "resolved": "9.0.0",
        "contentHash": "tjfuEv+QOznFL1bEPa7svmjpbNvDIrwdinMNy/HhrToQQpONW4hdp0Sans55Rcy9KB3z60duBeey89JY1VQOvg=="
      },
      "Microsoft.Data.SqlClient": {
        "type": "Transitive",
        "resolved": "6.0.1",
        "contentHash": "v7HxnYYXGGCJilxeQ4Pdks+popVuGajBpHmau0RU4ACIcbfs5qCNUnCogGpZ+CJ//8Qafhxq7vc5a8L9d6O8Eg==",
        "dependencies": {
          "Azure.Identity": "1.11.4",
          "Microsoft.Bcl.Cryptography": "9.0.0",
          "Microsoft.Data.SqlClient.SNI.runtime": "6.0.2",
          "Microsoft.Extensions.Caching.Memory": "9.0.0",
          "Microsoft.IdentityModel.JsonWebTokens": "7.5.0",
          "Microsoft.IdentityModel.Protocols.OpenIdConnect": "7.5.0",
          "Microsoft.SqlServer.Server": "1.0.0",
          "System.Configuration.ConfigurationManager": "9.0.0",
          "System.Security.Cryptography.Pkcs": "9.0.0"
        }
      },
      "Microsoft.Data.SqlClient.SNI.runtime": {
        "type": "Transitive",
        "resolved": "6.0.2",
        "contentHash": "f+pRODTWX7Y67jXO3T5S2dIPZ9qMJNySjlZT/TKmWVNWe19N8jcWmHaqHnnchaq3gxEKv1SWVY5EFzOD06l41w=="
      },
      "Microsoft.Extensions.Caching.Abstractions": {
        "type": "Transitive",
        "resolved": "9.0.0",
        "contentHash": "FPWZAa9c0H4dvOj351iR1jkUIs4u9ykL4Bm592yhjDyO5lCoWd+TMAHx2EMbarzUvCvgjWjJIoC6//Q9kH6YhA==",
        "dependencies": {
          "Microsoft.Extensions.Primitives": "9.0.0"
        }
      },
      "Microsoft.Extensions.Caching.Memory": {
        "type": "Transitive",
        "resolved": "9.0.0",
        "contentHash": "zbnPX/JQ0pETRSUG9fNPBvpIq42Aufvs15gGYyNIMhCun9yhmWihz0WgsI7bSDPjxWTKBf8oX/zv6v2uZ3W9OQ==",
        "dependencies": {
          "Microsoft.Extensions.Caching.Abstractions": "9.0.0",
          "Microsoft.Extensions.DependencyInjection.Abstractions": "9.0.0",
          "Microsoft.Extensions.Logging.Abstractions": "9.0.0",
          "Microsoft.Extensions.Options": "9.0.0",
          "Microsoft.Extensions.Primitives": "9.0.0"
        }
      },
      "Microsoft.Extensions.Configuration.Abstractions": {
        "type": "Transitive",
        "resolved": "9.0.2",
        "contentHash": "I0O/270E/lUNqbBxlRVjxKOMZyYjP88dpEgQTveml+h2lTzAP4vbawLVwjS9SC7lKaU893bwyyNz0IVJYsm9EA==",
        "dependencies": {
          "Microsoft.Extensions.Primitives": "9.0.2"
        }
      },
      "Microsoft.Extensions.DependencyInjection": {
        "type": "Transitive",
        "resolved": "9.0.3",
        "contentHash": "lDbxJpkl6X8KZGpkAxgrrthQ42YeiR0xjPp7KPx+sCPc3ZbpaIbjzd0QQ+9kDdK2RU2DOl3pc6tQyAgEZY3V0A==",
        "dependencies": {
          "Microsoft.Extensions.DependencyInjection.Abstractions": "9.0.3"
        }
      },
      "Microsoft.Extensions.DependencyInjection.Abstractions": {
        "type": "Transitive",
        "resolved": "9.0.3",
        "contentHash": "TfaHPSe39NyL2wxkisRxXK7xvHGZYBZ+dy3r+mqGvnxKgAPdHkMu3QMQZI4pquP6W5FIQBqs8FJpWV8ffCgDqQ=="
      },
      "Microsoft.Extensions.Logging": {
        "type": "Transitive",
        "resolved": "9.0.2",
        "contentHash": "loV/0UNpt2bD+6kCDzFALVE63CDtqzPeC0LAetkdhiEr/tTNbvOlQ7CBResH7BQBd3cikrwiBfaHdyHMFUlc2g==",
        "dependencies": {
          "Microsoft.Extensions.DependencyInjection": "9.0.2",
          "Microsoft.Extensions.Logging.Abstractions": "9.0.2",
          "Microsoft.Extensions.Options": "9.0.2"
        }
      },
      "Microsoft.Extensions.Logging.Abstractions": {
        "type": "Transitive",
        "resolved": "9.0.2",
        "contentHash": "dV9s2Lamc8jSaqhl2BQSPn/AryDIH2sSbQUyLitLXV0ROmsb+SROnn2cH939JFbsNrnf3mIM3GNRKT7P0ldwLg==",
        "dependencies": {
          "Microsoft.Extensions.DependencyInjection.Abstractions": "9.0.2"
        }
      },
      "Microsoft.Extensions.Options": {
        "type": "Transitive",
        "resolved": "9.0.2",
        "contentHash": "zr98z+AN8+isdmDmQRuEJ/DAKZGUTHmdv3t0ZzjHvNqvA44nAgkXE9kYtfoN6581iALChhVaSw2Owt+Z2lVbkQ==",
        "dependencies": {
          "Microsoft.Extensions.DependencyInjection.Abstractions": "9.0.2",
          "Microsoft.Extensions.Primitives": "9.0.2"
        }
      },
      "Microsoft.Extensions.Primitives": {
        "type": "Transitive",
        "resolved": "9.0.2",
        "contentHash": "puBMtKe/wLuYa7H6docBkLlfec+h8L35DXqsDKKJgW0WY5oCwJ3cBJKcDaZchv6knAyqOMfsl6VUbaR++E5LXA=="
      },
      "Microsoft.Identity.Client": {
        "type": "Transitive",
        "resolved": "4.61.3",
        "contentHash": "naJo/Qm35Caaoxp5utcw+R8eU8ZtLz2ALh8S+gkekOYQ1oazfCQMWVT4NJ/FnHzdIJlm8dMz0oMpMGCabx5odA==",
        "dependencies": {
          "Microsoft.IdentityModel.Abstractions": "6.35.0",
          "System.Diagnostics.DiagnosticSource": "6.0.1"
        }
      },
      "Microsoft.Identity.Client.Extensions.Msal": {
        "type": "Transitive",
        "resolved": "4.61.3",
        "contentHash": "PWnJcznrSGr25MN8ajlc2XIDW4zCFu0U6FkpaNLEWLgd1NgFCp5uDY3mqLDgM8zCN8hqj8yo5wHYfLB2HjcdGw==",
        "dependencies": {
          "Microsoft.Identity.Client": "4.61.3",
          "System.Security.Cryptography.ProtectedData": "4.5.0"
        }
      },
      "Microsoft.IdentityModel.Abstractions": {
        "type": "Transitive",
        "resolved": "7.5.0",
        "contentHash": "seOFPaBQh2K683eFujAuDsrO2XbOA+SvxRli+wu7kl+ZymuGQzjmmUKfyFHmDazpPOBnmOX1ZnjX7zFDZHyNIA=="
      },
      "Microsoft.IdentityModel.JsonWebTokens": {
        "type": "Transitive",
        "resolved": "7.5.0",
        "contentHash": "mfyiGptbcH+oYrzAtWWwuV+7MoM0G0si+9owaj6DGWInhq/N/KDj/pWHhq1ShdmBu332gjP+cppjgwBpsOj7Fg==",
        "dependencies": {
          "Microsoft.IdentityModel.Tokens": "7.5.0"
        }
      },
      "Microsoft.IdentityModel.Logging": {
        "type": "Transitive",
        "resolved": "7.5.0",
        "contentHash": "3BInZEajJvnTDP/YRrmJ3Fyw8XAWWR9jG+3FkhhzRJJYItVL+BEH9qlgxSmtrxp7S7N6TOv+Y+X8BG61viiehQ==",
        "dependencies": {
          "Microsoft.IdentityModel.Abstractions": "7.5.0"
        }
      },
      "Microsoft.IdentityModel.Protocols": {
        "type": "Transitive",
        "resolved": "7.5.0",
        "contentHash": "ugyb0Nm+I+UrHGYg28mL8oCV31xZrOEbs8fQkcShUoKvgk22HroD2odCnqEf56CoAFYTwoDExz8deXzrFC+TyA==",
        "dependencies": {
          "Microsoft.IdentityModel.Tokens": "7.5.0"
        }
      },
      "Microsoft.IdentityModel.Protocols.OpenIdConnect": {
        "type": "Transitive",
        "resolved": "7.5.0",
        "contentHash": "/U3I/8uutTqZr2n/zt0q08bluYklq+5VWP7ZuOGpTUR1ln5bSbrexAzdSGzrhxTxNNbHMCU8Mn2bNQvcmehAxg==",
        "dependencies": {
          "Microsoft.IdentityModel.Protocols": "7.5.0",
          "System.IdentityModel.Tokens.Jwt": "7.5.0"
        }
      },
      "Microsoft.IdentityModel.Tokens": {
        "type": "Transitive",
        "resolved": "7.5.0",
        "contentHash": "owe33wqe0ZbwBxM3D90I0XotxNyTdl85jud03d+OrUOJNnTiqnYePwBk3WU9yW0Rk5CYX+sfSim7frmu6jeEzQ==",
        "dependencies": {
          "Microsoft.IdentityModel.Logging": "7.5.0"
        }
      },
      "Microsoft.SqlServer.Server": {
        "type": "Transitive",
        "resolved": "1.0.0",
        "contentHash": "N4KeF3cpcm1PUHym1RmakkzfkEv3GRMyofVv40uXsQhCQeglr2OHNcUk2WOG51AKpGO8ynGpo9M/kFXSzghwug=="
      },
      "Newtonsoft.Json": {
        "type": "Transitive",
        "resolved": "13.0.3",
        "contentHash": "HrC5BXdl00IP9zeV+0Z848QWPAoCr9P3bDEZguI+gkLcBKAOxix/tLEAAHC+UvDNPv4a2d18lOReHMOagPa+zQ=="
      },
      "Stub.System.Data.SQLite.Core.NetStandard": {
        "type": "Transitive",
        "resolved": "1.0.119",
        "contentHash": "dI7ngiCNgdm+n00nQvFTa+LbHvE9MIQXwMSLRzJI/KAJ7G1WmCachsvfE1CD6xvb3OXJvYYEfv3+S/LHyhN0Rg=="
      },
      "System.ClientModel": {
        "type": "Transitive",
        "resolved": "1.0.0",
        "contentHash": "I3CVkvxeqFYjIVEP59DnjbeoGNfo/+SZrCLpRz2v/g0gpCHaEMPtWSY0s9k/7jR1rAsLNg2z2u1JRB76tPjnIw==",
        "dependencies": {
          "System.Memory.Data": "1.0.2",
          "System.Text.Json": "4.7.2"
        }
      },
      "System.ComponentModel.Annotations": {
        "type": "Transitive",
        "resolved": "5.0.0",
        "contentHash": "dMkqfy2el8A8/I76n2Hi1oBFEbG1SfxD2l5nhwXV3XjlnOmwxJlQbYpJH4W51odnU9sARCSAgv7S3CyAFMkpYg=="
      },
      "System.Configuration.ConfigurationManager": {
        "type": "Transitive",
        "resolved": "9.0.0",
        "contentHash": "PdkuMrwDhXoKFo/JxISIi9E8L+QGn9Iquj2OKDWHB6Y/HnUOuBouF7uS3R4Hw3FoNmwwMo6hWgazQdyHIIs27A==",
        "dependencies": {
          "System.Diagnostics.EventLog": "9.0.0",
          "System.Security.Cryptography.ProtectedData": "9.0.0"
        }
      },
      "System.Diagnostics.DiagnosticSource": {
        "type": "Transitive",
        "resolved": "6.0.1",
        "contentHash": "KiLYDu2k2J82Q9BJpWiuQqCkFjRBWVq4jDzKKWawVi9KWzyD0XG3cmfX0vqTQlL14Wi9EufJrbL0+KCLTbqWiQ==",
        "dependencies": {
          "System.Runtime.CompilerServices.Unsafe": "6.0.0"
        }
      },
      "System.Diagnostics.EventLog": {
        "type": "Transitive",
        "resolved": "9.0.0",
        "contentHash": "qd01+AqPhbAG14KtdtIqFk+cxHQFZ/oqRSCoxU1F+Q6Kv0cl726sl7RzU9yLFGd4BUOKdN4XojXF0pQf/R6YeA=="
      },
      "System.IdentityModel.Tokens.Jwt": {
        "type": "Transitive",
        "resolved": "7.5.0",
        "contentHash": "D0TtrWOfoPdyYSlvOGaU9F1QR+qrbgJ/4eiEsQkIz7YQKIKkGXQldXukn6cYG9OahSq5UVMvyAIObECpH6Wglg==",
        "dependencies": {
          "Microsoft.IdentityModel.JsonWebTokens": "7.5.0",
          "Microsoft.IdentityModel.Tokens": "7.5.0"
        }
      },
      "System.Memory": {
        "type": "Transitive",
        "resolved": "4.5.4",
        "contentHash": "1MbJTHS1lZ4bS4FmsJjnuGJOu88ZzTT2rLvrhW7Ygic+pC0NWA+3hgAen0HRdsocuQXCkUTdFn9yHJJhsijDXw=="
      },
      "System.Memory.Data": {
        "type": "Transitive",
        "resolved": "1.0.2",
        "contentHash": "JGkzeqgBsiZwKJZ1IxPNsDFZDhUvuEdX8L8BDC8N3KOj+6zMcNU28CNN59TpZE/VJYy9cP+5M+sbxtWJx3/xtw==",
        "dependencies": {
          "System.Text.Encodings.Web": "4.7.2",
          "System.Text.Json": "4.6.0"
        }
      },
      "System.Numerics.Vectors": {
        "type": "Transitive",
        "resolved": "4.5.0",
        "contentHash": "QQTlPTl06J/iiDbJCiepZ4H//BVraReU4O4EoRw1U02H5TLUIT7xn3GnDp9AXPSlJUDyFs4uWjWafNX6WrAojQ=="
      },
      "System.Runtime.CompilerServices.Unsafe": {
        "type": "Transitive",
        "resolved": "6.0.0",
        "contentHash": "/iUeP3tq1S0XdNNoMz5C9twLSrM/TH+qElHkXWaPvuNOt+99G75NrV0OS2EqHx5wMN7popYjpc8oTjC1y16DLg=="
      },
      "System.Security.Cryptography.Pkcs": {
        "type": "Transitive",
        "resolved": "9.0.0",
        "contentHash": "8tluJF8w9si+2yoHeL8rgVJS6lKvWomTDC8px65Z8MCzzdME5eaPtEQf4OfVGrAxB5fW93ncucy1+221O9EQaw=="
      },
      "System.Security.Cryptography.ProtectedData": {
        "type": "Transitive",
        "resolved": "9.0.0",
        "contentHash": "CJW+x/F6fmRQ7N6K8paasTw9PDZp4t7G76UjGNlSDgoHPF0h08vTzLYbLZpOLEJSg35d5wy2jCXGo84EN05DpQ=="
      },
      "System.Text.Encodings.Web": {
        "type": "Transitive",
        "resolved": "4.7.2",
        "contentHash": "iTUgB/WtrZ1sWZs84F2hwyQhiRH6QNjQv2DkwrH+WP6RoFga2Q1m3f9/Q7FG8cck8AdHitQkmkXSY8qylcDmuA=="
      },
      "System.Text.Json": {
        "type": "Transitive",
        "resolved": "4.7.2",
        "contentHash": "TcMd95wcrubm9nHvJEQs70rC0H/8omiSGGpU4FQ/ZA1URIqD4pjmFJh2Mfv1yH1eHgJDWTi2hMDXwTET+zOOyg=="
      },
      "System.Threading.Tasks.Extensions": {
        "type": "Transitive",
        "resolved": "4.5.4",
        "contentHash": "zteT+G8xuGu6mS+mzDzYXbzS7rd3K6Fjb9RiZlYlJPam2/hU7JCBZBVEcywNuR+oZ1ncTvc/cq0faRr3P01OVg=="
      },
      "System.ValueTuple": {
        "type": "Transitive",
        "resolved": "4.5.0",
        "contentHash": "okurQJO6NRE/apDIP23ajJ0hpiNmJ+f0BwOlB/cSqTLQlw5upkf+5+96+iG2Jw40G1fCVCyPz/FhIABUjMR+RQ=="
      }
    }
  }
}